
Microsoft Visual Studio Solution File, Format Version 12.00
# Visual Studio Version 17
VisualStudioVersion = 17.1.32407.343
MinimumVisualStudioVersion = 10.0.40219.1
Project("{2150E333-8FDC-42A3-9474-1A3956D46DE8}") = "WinUI3", "WinUI3", "{7F954F26-CA57-40C7-9268-51868AAE52D7}"
EndProject
Project("{9A19103F-16F7-4668-BE54-9A1E7A4F7556}") = "AK.Toolkit.WinUI3.AutoCompleteTextBox", "WinUI3\AK.Toolkit.WinUI3.AutoCompleteTextBox\AK.Toolkit.WinUI3.AutoCompleteTextBox.csproj", "{767D27DB-A5F2-4F5E-8DDA-E08C253966BE}"
EndProject
Project("{2150E333-8FDC-42A3-9474-1A3956D46DE8}") = "Samples", "Samples", "{EDEB400F-756D-4F11-895A-4A8D2C72176A}"
EndProject
Project("{9A19103F-16F7-4668-BE54-9A1E7A4F7556}") = "AK.Toolkit.Samples", "Samples\AK.Toolkit.Samples\AK.Toolkit.Samples.csproj", "{6F89C435-B6CD-4CA9-8B64-B39E642D93E2}"
EndProject
Project("{2150E333-8FDC-42A3-9474-1A3956D46DE8}") = "Utilities", "Utilities", "{A07474CC-E082-4794-BC36-FADC14A0C035}"
EndProject
Project("{9A19103F-16F7-4668-BE54-9A1E7A4F7556}") = "AK.Toolkit.Utilities.RandomStringGenerator", "Utilities\AK.Toolkit.Utilities.RandomStringGenerator\AK.Toolkit.Utilities.RandomStringGenerator.csproj", "{D879C412-1F09-4364-9C63-7E748C32FA5B}"
EndProject
Project("{2150E333-8FDC-42A3-9474-1A3956D46DE8}") = "Assets", "Assets", "{0DFB7268-1E7E-460F-A670-8336E61A13A4}"
	ProjectSection(SolutionItems) = preProject
		Assets\auto-complete-textbox-screenshot.png = Assets\auto-complete-textbox-screenshot.png
	EndProjectSection
EndProject
Project("{2150E333-8FDC-42A3-9474-1A3956D46DE8}") = "Solution Items", "Solution Items", "{9E80FA35-6512-4090-A907-90D58957C6A6}"
	ProjectSection(SolutionItems) = preProject
		LICENSE = LICENSE
		README.md = README.md
	EndProjectSection
EndProject
Project("{9A19103F-16F7-4668-BE54-9A1E7A4F7556}") = "AK.Toolkit.Samples.GridExtensions", "Samples\AK.Toolkit.Samples.XamlGridExtensions\AK.Toolkit.Samples.GridExtensions.csproj", "{37CDE5D0-9D83-4ABB-B8EB-8D06682D3036}"
EndProject
Project("{9A19103F-16F7-4668-BE54-9A1E7A4F7556}") = "AK.Toolkit.WinUI3.GridExtensions", "WinUI3\AK.Toolkit.WinUI3.GridExtensions\AK.Toolkit.WinUI3.GridExtensions.csproj", "{C7F4A8AF-E4D0-44B5-8FF1-4FAA4E2CB83F}"
EndProject
Project("{9A19103F-16F7-4668-BE54-9A1E7A4F7556}") = "AK.Toolkit.WinUI3.Localization", "WinUI3\AK.Toolkit.WinUI3.Localization\AK.Toolkit.WinUI3.Localization.csproj", "{CCBBCF3C-400A-43DC-B5A7-6E299C78453E}"
EndProject
Project("{9A19103F-16F7-4668-BE54-9A1E7A4F7556}") = "AK.Toolkit.Samples.Localization", "Samples\AK.Toolkit.Samples.Localization\AK.Toolkit.Samples.Localization.csproj", "{67024B95-3662-46BF-90EC-3CC39EEB487C}"
EndProject
Project("{2150E333-8FDC-42A3-9474-1A3956D46DE8}") = "Uwp", "Uwp", "{3998AD0E-445E-4156-A702-78C8F832C08E}"
EndProject
Project("{FAE04EC0-301F-11D3-BF4B-00C04F79EFBC}") = "AK.Toolkit.Uwp.Localization", "Uwp\AK.Toolkit.Uwp.Localization\AK.Toolkit.Uwp.Localization.csproj", "{4EE55BC3-D137-478D-8F3E-57192E799C83}"
EndProject
Project("{FAE04EC0-301F-11D3-BF4B-00C04F79EFBC}") = "AK.Toolkit.Samples.Uwp.Localization", "Samples\AK.Toolkit.Samples.Uwp.Localization\AK.Toolkit.Samples.Uwp.Localization.csproj", "{264074EF-3394-4632-90E0-FF7F9DB9BFCF}"
EndProject
Project("{FAE04EC0-301F-11D3-BF4B-00C04F79EFBC}") = "AK.Toolkit.WinUI3.GridIndexer", "WinUI3\AK.Toolkit.WinUI3.GridIndexer\AK.Toolkit.WinUI3.GridIndexer.csproj", "{51388E06-C181-4961-9E84-4EABBFA1559A}"
EndProject
Project("{FAE04EC0-301F-11D3-BF4B-00C04F79EFBC}") = "AK.Toolkit.Samples.GridIndexer", "Samples\AK.Toolkit.Samples.GridIndexer\AK.Toolkit.Samples.GridIndexer.csproj", "{3A1F0565-30BE-4085-9B83-333D306D9F5A}"
EndProject
Global
	GlobalSection(SolutionConfigurationPlatforms) = preSolution
		Debug|Any CPU = Debug|Any CPU
		Debug|ARM = Debug|ARM
		Debug|arm64 = Debug|arm64
		Debug|x64 = Debug|x64
		Debug|x86 = Debug|x86
		Release|Any CPU = Release|Any CPU
		Release|ARM = Release|ARM
		Release|arm64 = Release|arm64
		Release|x64 = Release|x64
		Release|x86 = Release|x86
	EndGlobalSection
	GlobalSection(ProjectConfigurationPlatforms) = postSolution
		{767D27DB-A5F2-4F5E-8DDA-E08C253966BE}.Debug|Any CPU.ActiveCfg = Debug|Any CPU
		{767D27DB-A5F2-4F5E-8DDA-E08C253966BE}.Debug|Any CPU.Build.0 = Debug|Any CPU
		{767D27DB-A5F2-4F5E-8DDA-E08C253966BE}.Debug|ARM.ActiveCfg = Debug|Any CPU
		{767D27DB-A5F2-4F5E-8DDA-E08C253966BE}.Debug|ARM.Build.0 = Debug|Any CPU
		{767D27DB-A5F2-4F5E-8DDA-E08C253966BE}.Debug|arm64.ActiveCfg = Debug|Any CPU
		{767D27DB-A5F2-4F5E-8DDA-E08C253966BE}.Debug|arm64.Build.0 = Debug|Any CPU
		{767D27DB-A5F2-4F5E-8DDA-E08C253966BE}.Debug|x64.ActiveCfg = Debug|Any CPU
		{767D27DB-A5F2-4F5E-8DDA-E08C253966BE}.Debug|x64.Build.0 = Debug|Any CPU
		{767D27DB-A5F2-4F5E-8DDA-E08C253966BE}.Debug|x86.ActiveCfg = Debug|Any CPU
		{767D27DB-A5F2-4F5E-8DDA-E08C253966BE}.Debug|x86.Build.0 = Debug|Any CPU
		{767D27DB-A5F2-4F5E-8DDA-E08C253966BE}.Release|Any CPU.ActiveCfg = Release|Any CPU
		{767D27DB-A5F2-4F5E-8DDA-E08C253966BE}.Release|Any CPU.Build.0 = Release|Any CPU
		{767D27DB-A5F2-4F5E-8DDA-E08C253966BE}.Release|ARM.ActiveCfg = Release|Any CPU
		{767D27DB-A5F2-4F5E-8DDA-E08C253966BE}.Release|ARM.Build.0 = Release|Any CPU
		{767D27DB-A5F2-4F5E-8DDA-E08C253966BE}.Release|arm64.ActiveCfg = Release|Any CPU
		{767D27DB-A5F2-4F5E-8DDA-E08C253966BE}.Release|arm64.Build.0 = Release|Any CPU
		{767D27DB-A5F2-4F5E-8DDA-E08C253966BE}.Release|x64.ActiveCfg = Release|Any CPU
		{767D27DB-A5F2-4F5E-8DDA-E08C253966BE}.Release|x64.Build.0 = Release|Any CPU
		{767D27DB-A5F2-4F5E-8DDA-E08C253966BE}.Release|x86.ActiveCfg = Release|Any CPU
		{767D27DB-A5F2-4F5E-8DDA-E08C253966BE}.Release|x86.Build.0 = Release|Any CPU
		{6F89C435-B6CD-4CA9-8B64-B39E642D93E2}.Debug|Any CPU.ActiveCfg = Debug|x64
		{6F89C435-B6CD-4CA9-8B64-B39E642D93E2}.Debug|Any CPU.Build.0 = Debug|x64
		{6F89C435-B6CD-4CA9-8B64-B39E642D93E2}.Debug|Any CPU.Deploy.0 = Debug|x64
		{6F89C435-B6CD-4CA9-8B64-B39E642D93E2}.Debug|ARM.ActiveCfg = Debug|x64
		{6F89C435-B6CD-4CA9-8B64-B39E642D93E2}.Debug|ARM.Build.0 = Debug|x64
		{6F89C435-B6CD-4CA9-8B64-B39E642D93E2}.Debug|ARM.Deploy.0 = Debug|x64
		{6F89C435-B6CD-4CA9-8B64-B39E642D93E2}.Debug|arm64.ActiveCfg = Debug|arm64
		{6F89C435-B6CD-4CA9-8B64-B39E642D93E2}.Debug|arm64.Build.0 = Debug|arm64
		{6F89C435-B6CD-4CA9-8B64-B39E642D93E2}.Debug|arm64.Deploy.0 = Debug|arm64
		{6F89C435-B6CD-4CA9-8B64-B39E642D93E2}.Debug|x64.ActiveCfg = Debug|x64
		{6F89C435-B6CD-4CA9-8B64-B39E642D93E2}.Debug|x64.Build.0 = Debug|x64
		{6F89C435-B6CD-4CA9-8B64-B39E642D93E2}.Debug|x64.Deploy.0 = Debug|x64
		{6F89C435-B6CD-4CA9-8B64-B39E642D93E2}.Debug|x86.ActiveCfg = Debug|x86
		{6F89C435-B6CD-4CA9-8B64-B39E642D93E2}.Debug|x86.Build.0 = Debug|x86
		{6F89C435-B6CD-4CA9-8B64-B39E642D93E2}.Debug|x86.Deploy.0 = Debug|x86
		{6F89C435-B6CD-4CA9-8B64-B39E642D93E2}.Release|Any CPU.ActiveCfg = Release|x64
		{6F89C435-B6CD-4CA9-8B64-B39E642D93E2}.Release|Any CPU.Build.0 = Release|x64
		{6F89C435-B6CD-4CA9-8B64-B39E642D93E2}.Release|Any CPU.Deploy.0 = Release|x64
		{6F89C435-B6CD-4CA9-8B64-B39E642D93E2}.Release|ARM.ActiveCfg = Release|x64
		{6F89C435-B6CD-4CA9-8B64-B39E642D93E2}.Release|ARM.Build.0 = Release|x64
		{6F89C435-B6CD-4CA9-8B64-B39E642D93E2}.Release|ARM.Deploy.0 = Release|x64
		{6F89C435-B6CD-4CA9-8B64-B39E642D93E2}.Release|arm64.ActiveCfg = Release|arm64
		{6F89C435-B6CD-4CA9-8B64-B39E642D93E2}.Release|arm64.Build.0 = Release|arm64
		{6F89C435-B6CD-4CA9-8B64-B39E642D93E2}.Release|arm64.Deploy.0 = Release|arm64
		{6F89C435-B6CD-4CA9-8B64-B39E642D93E2}.Release|x64.ActiveCfg = Release|x64
		{6F89C435-B6CD-4CA9-8B64-B39E642D93E2}.Release|x64.Build.0 = Release|x64
		{6F89C435-B6CD-4CA9-8B64-B39E642D93E2}.Release|x64.Deploy.0 = Release|x64
		{6F89C435-B6CD-4CA9-8B64-B39E642D93E2}.Release|x86.ActiveCfg = Release|x86
		{6F89C435-B6CD-4CA9-8B64-B39E642D93E2}.Release|x86.Build.0 = Release|x86
		{6F89C435-B6CD-4CA9-8B64-B39E642D93E2}.Release|x86.Deploy.0 = Release|x86
		{D879C412-1F09-4364-9C63-7E748C32FA5B}.Debug|Any CPU.ActiveCfg = Debug|Any CPU
		{D879C412-1F09-4364-9C63-7E748C32FA5B}.Debug|Any CPU.Build.0 = Debug|Any CPU
		{D879C412-1F09-4364-9C63-7E748C32FA5B}.Debug|ARM.ActiveCfg = Debug|Any CPU
		{D879C412-1F09-4364-9C63-7E748C32FA5B}.Debug|ARM.Build.0 = Debug|Any CPU
		{D879C412-1F09-4364-9C63-7E748C32FA5B}.Debug|arm64.ActiveCfg = Debug|Any CPU
		{D879C412-1F09-4364-9C63-7E748C32FA5B}.Debug|arm64.Build.0 = Debug|Any CPU
		{D879C412-1F09-4364-9C63-7E748C32FA5B}.Debug|x64.ActiveCfg = Debug|Any CPU
		{D879C412-1F09-4364-9C63-7E748C32FA5B}.Debug|x64.Build.0 = Debug|Any CPU
		{D879C412-1F09-4364-9C63-7E748C32FA5B}.Debug|x86.ActiveCfg = Debug|Any CPU
		{D879C412-1F09-4364-9C63-7E748C32FA5B}.Debug|x86.Build.0 = Debug|Any CPU
		{D879C412-1F09-4364-9C63-7E748C32FA5B}.Release|Any CPU.ActiveCfg = Release|Any CPU
		{D879C412-1F09-4364-9C63-7E748C32FA5B}.Release|Any CPU.Build.0 = Release|Any CPU
		{D879C412-1F09-4364-9C63-7E748C32FA5B}.Release|ARM.ActiveCfg = Release|Any CPU
		{D879C412-1F09-4364-9C63-7E748C32FA5B}.Release|ARM.Build.0 = Release|Any CPU
		{D879C412-1F09-4364-9C63-7E748C32FA5B}.Release|arm64.ActiveCfg = Release|Any CPU
		{D879C412-1F09-4364-9C63-7E748C32FA5B}.Release|arm64.Build.0 = Release|Any CPU
		{D879C412-1F09-4364-9C63-7E748C32FA5B}.Release|x64.ActiveCfg = Release|Any CPU
		{D879C412-1F09-4364-9C63-7E748C32FA5B}.Release|x64.Build.0 = Release|Any CPU
		{D879C412-1F09-4364-9C63-7E748C32FA5B}.Release|x86.ActiveCfg = Release|Any CPU
		{D879C412-1F09-4364-9C63-7E748C32FA5B}.Release|x86.Build.0 = Release|Any CPU
		{37CDE5D0-9D83-4ABB-B8EB-8D06682D3036}.Debug|Any CPU.ActiveCfg = Debug|x64
		{37CDE5D0-9D83-4ABB-B8EB-8D06682D3036}.Debug|Any CPU.Build.0 = Debug|x64
		{37CDE5D0-9D83-4ABB-B8EB-8D06682D3036}.Debug|Any CPU.Deploy.0 = Debug|x64
		{37CDE5D0-9D83-4ABB-B8EB-8D06682D3036}.Debug|ARM.ActiveCfg = Debug|x64
		{37CDE5D0-9D83-4ABB-B8EB-8D06682D3036}.Debug|ARM.Build.0 = Debug|x64
		{37CDE5D0-9D83-4ABB-B8EB-8D06682D3036}.Debug|ARM.Deploy.0 = Debug|x64
		{37CDE5D0-9D83-4ABB-B8EB-8D06682D3036}.Debug|arm64.ActiveCfg = Debug|arm64
		{37CDE5D0-9D83-4ABB-B8EB-8D06682D3036}.Debug|arm64.Build.0 = Debug|arm64
		{37CDE5D0-9D83-4ABB-B8EB-8D06682D3036}.Debug|arm64.Deploy.0 = Debug|arm64
		{37CDE5D0-9D83-4ABB-B8EB-8D06682D3036}.Debug|x64.ActiveCfg = Debug|x64
		{37CDE5D0-9D83-4ABB-B8EB-8D06682D3036}.Debug|x64.Build.0 = Debug|x64
		{37CDE5D0-9D83-4ABB-B8EB-8D06682D3036}.Debug|x64.Deploy.0 = Debug|x64
		{37CDE5D0-9D83-4ABB-B8EB-8D06682D3036}.Debug|x86.ActiveCfg = Debug|x86
		{37CDE5D0-9D83-4ABB-B8EB-8D06682D3036}.Debug|x86.Build.0 = Debug|x86
		{37CDE5D0-9D83-4ABB-B8EB-8D06682D3036}.Debug|x86.Deploy.0 = Debug|x86
		{37CDE5D0-9D83-4ABB-B8EB-8D06682D3036}.Release|Any CPU.ActiveCfg = Release|x64
		{37CDE5D0-9D83-4ABB-B8EB-8D06682D3036}.Release|Any CPU.Build.0 = Release|x64
		{37CDE5D0-9D83-4ABB-B8EB-8D06682D3036}.Release|Any CPU.Deploy.0 = Release|x64
		{37CDE5D0-9D83-4ABB-B8EB-8D06682D3036}.Release|ARM.ActiveCfg = Release|x64
		{37CDE5D0-9D83-4ABB-B8EB-8D06682D3036}.Release|ARM.Build.0 = Release|x64
		{37CDE5D0-9D83-4ABB-B8EB-8D06682D3036}.Release|ARM.Deploy.0 = Release|x64
		{37CDE5D0-9D83-4ABB-B8EB-8D06682D3036}.Release|arm64.ActiveCfg = Release|arm64
		{37CDE5D0-9D83-4ABB-B8EB-8D06682D3036}.Release|arm64.Build.0 = Release|arm64
		{37CDE5D0-9D83-4ABB-B8EB-8D06682D3036}.Release|arm64.Deploy.0 = Release|arm64
		{37CDE5D0-9D83-4ABB-B8EB-8D06682D3036}.Release|x64.ActiveCfg = Release|x64
		{37CDE5D0-9D83-4ABB-B8EB-8D06682D3036}.Release|x64.Build.0 = Release|x64
		{37CDE5D0-9D83-4ABB-B8EB-8D06682D3036}.Release|x64.Deploy.0 = Release|x64
		{37CDE5D0-9D83-4ABB-B8EB-8D06682D3036}.Release|x86.ActiveCfg = Release|x86
		{37CDE5D0-9D83-4ABB-B8EB-8D06682D3036}.Release|x86.Build.0 = Release|x86
		{37CDE5D0-9D83-4ABB-B8EB-8D06682D3036}.Release|x86.Deploy.0 = Release|x86
		{C7F4A8AF-E4D0-44B5-8FF1-4FAA4E2CB83F}.Debug|Any CPU.ActiveCfg = Debug|Any CPU
		{C7F4A8AF-E4D0-44B5-8FF1-4FAA4E2CB83F}.Debug|Any CPU.Build.0 = Debug|Any CPU
		{C7F4A8AF-E4D0-44B5-8FF1-4FAA4E2CB83F}.Debug|ARM.ActiveCfg = Debug|Any CPU
		{C7F4A8AF-E4D0-44B5-8FF1-4FAA4E2CB83F}.Debug|ARM.Build.0 = Debug|Any CPU
		{C7F4A8AF-E4D0-44B5-8FF1-4FAA4E2CB83F}.Debug|arm64.ActiveCfg = Debug|Any CPU
		{C7F4A8AF-E4D0-44B5-8FF1-4FAA4E2CB83F}.Debug|arm64.Build.0 = Debug|Any CPU
		{C7F4A8AF-E4D0-44B5-8FF1-4FAA4E2CB83F}.Debug|x64.ActiveCfg = Debug|Any CPU
		{C7F4A8AF-E4D0-44B5-8FF1-4FAA4E2CB83F}.Debug|x64.Build.0 = Debug|Any CPU
		{C7F4A8AF-E4D0-44B5-8FF1-4FAA4E2CB83F}.Debug|x86.ActiveCfg = Debug|Any CPU
		{C7F4A8AF-E4D0-44B5-8FF1-4FAA4E2CB83F}.Debug|x86.Build.0 = Debug|Any CPU
		{C7F4A8AF-E4D0-44B5-8FF1-4FAA4E2CB83F}.Release|Any CPU.ActiveCfg = Release|Any CPU
		{C7F4A8AF-E4D0-44B5-8FF1-4FAA4E2CB83F}.Release|Any CPU.Build.0 = Release|Any CPU
		{C7F4A8AF-E4D0-44B5-8FF1-4FAA4E2CB83F}.Release|ARM.ActiveCfg = Release|Any CPU
		{C7F4A8AF-E4D0-44B5-8FF1-4FAA4E2CB83F}.Release|ARM.Build.0 = Release|Any CPU
		{C7F4A8AF-E4D0-44B5-8FF1-4FAA4E2CB83F}.Release|arm64.ActiveCfg = Release|Any CPU
		{C7F4A8AF-E4D0-44B5-8FF1-4FAA4E2CB83F}.Release|arm64.Build.0 = Release|Any CPU
		{C7F4A8AF-E4D0-44B5-8FF1-4FAA4E2CB83F}.Release|x64.ActiveCfg = Release|Any CPU
		{C7F4A8AF-E4D0-44B5-8FF1-4FAA4E2CB83F}.Release|x64.Build.0 = Release|Any CPU
		{C7F4A8AF-E4D0-44B5-8FF1-4FAA4E2CB83F}.Release|x86.ActiveCfg = Release|Any CPU
		{C7F4A8AF-E4D0-44B5-8FF1-4FAA4E2CB83F}.Release|x86.Build.0 = Release|Any CPU
		{CCBBCF3C-400A-43DC-B5A7-6E299C78453E}.Debug|Any CPU.ActiveCfg = Debug|Any CPU
		{CCBBCF3C-400A-43DC-B5A7-6E299C78453E}.Debug|Any CPU.Build.0 = Debug|Any CPU
		{CCBBCF3C-400A-43DC-B5A7-6E299C78453E}.Debug|ARM.ActiveCfg = Debug|Any CPU
		{CCBBCF3C-400A-43DC-B5A7-6E299C78453E}.Debug|ARM.Build.0 = Debug|Any CPU
		{CCBBCF3C-400A-43DC-B5A7-6E299C78453E}.Debug|arm64.ActiveCfg = Debug|Any CPU
		{CCBBCF3C-400A-43DC-B5A7-6E299C78453E}.Debug|arm64.Build.0 = Debug|Any CPU
		{CCBBCF3C-400A-43DC-B5A7-6E299C78453E}.Debug|x64.ActiveCfg = Debug|Any CPU
		{CCBBCF3C-400A-43DC-B5A7-6E299C78453E}.Debug|x64.Build.0 = Debug|Any CPU
		{CCBBCF3C-400A-43DC-B5A7-6E299C78453E}.Debug|x86.ActiveCfg = Debug|Any CPU
		{CCBBCF3C-400A-43DC-B5A7-6E299C78453E}.Debug|x86.Build.0 = Debug|Any CPU
		{CCBBCF3C-400A-43DC-B5A7-6E299C78453E}.Release|Any CPU.ActiveCfg = Release|Any CPU
		{CCBBCF3C-400A-43DC-B5A7-6E299C78453E}.Release|Any CPU.Build.0 = Release|Any CPU
		{CCBBCF3C-400A-43DC-B5A7-6E299C78453E}.Release|ARM.ActiveCfg = Release|Any CPU
		{CCBBCF3C-400A-43DC-B5A7-6E299C78453E}.Release|ARM.Build.0 = Release|Any CPU
		{CCBBCF3C-400A-43DC-B5A7-6E299C78453E}.Release|arm64.ActiveCfg = Release|Any CPU
		{CCBBCF3C-400A-43DC-B5A7-6E299C78453E}.Release|arm64.Build.0 = Release|Any CPU
		{CCBBCF3C-400A-43DC-B5A7-6E299C78453E}.Release|x64.ActiveCfg = Release|Any CPU
		{CCBBCF3C-400A-43DC-B5A7-6E299C78453E}.Release|x64.Build.0 = Release|Any CPU
		{CCBBCF3C-400A-43DC-B5A7-6E299C78453E}.Release|x86.ActiveCfg = Release|Any CPU
		{CCBBCF3C-400A-43DC-B5A7-6E299C78453E}.Release|x86.Build.0 = Release|Any CPU
		{67024B95-3662-46BF-90EC-3CC39EEB487C}.Debug|Any CPU.ActiveCfg = Debug|x64
		{67024B95-3662-46BF-90EC-3CC39EEB487C}.Debug|Any CPU.Build.0 = Debug|x64
		{67024B95-3662-46BF-90EC-3CC39EEB487C}.Debug|Any CPU.Deploy.0 = Debug|x64
		{67024B95-3662-46BF-90EC-3CC39EEB487C}.Debug|ARM.ActiveCfg = Debug|x64
		{67024B95-3662-46BF-90EC-3CC39EEB487C}.Debug|ARM.Build.0 = Debug|x64
		{67024B95-3662-46BF-90EC-3CC39EEB487C}.Debug|ARM.Deploy.0 = Debug|x64
		{67024B95-3662-46BF-90EC-3CC39EEB487C}.Debug|arm64.ActiveCfg = Debug|arm64
		{67024B95-3662-46BF-90EC-3CC39EEB487C}.Debug|arm64.Build.0 = Debug|arm64
		{67024B95-3662-46BF-90EC-3CC39EEB487C}.Debug|arm64.Deploy.0 = Debug|arm64
		{67024B95-3662-46BF-90EC-3CC39EEB487C}.Debug|x64.ActiveCfg = Debug|x64
		{67024B95-3662-46BF-90EC-3CC39EEB487C}.Debug|x64.Build.0 = Debug|x64
		{67024B95-3662-46BF-90EC-3CC39EEB487C}.Debug|x64.Deploy.0 = Debug|x64
		{67024B95-3662-46BF-90EC-3CC39EEB487C}.Debug|x86.ActiveCfg = Debug|x86
		{67024B95-3662-46BF-90EC-3CC39EEB487C}.Debug|x86.Build.0 = Debug|x86
		{67024B95-3662-46BF-90EC-3CC39EEB487C}.Debug|x86.Deploy.0 = Debug|x86
		{67024B95-3662-46BF-90EC-3CC39EEB487C}.Release|Any CPU.ActiveCfg = Release|x64
		{67024B95-3662-46BF-90EC-3CC39EEB487C}.Release|Any CPU.Build.0 = Release|x64
		{67024B95-3662-46BF-90EC-3CC39EEB487C}.Release|Any CPU.Deploy.0 = Release|x64
		{67024B95-3662-46BF-90EC-3CC39EEB487C}.Release|ARM.ActiveCfg = Release|x64
		{67024B95-3662-46BF-90EC-3CC39EEB487C}.Release|ARM.Build.0 = Release|x64
		{67024B95-3662-46BF-90EC-3CC39EEB487C}.Release|ARM.Deploy.0 = Release|x64
		{67024B95-3662-46BF-90EC-3CC39EEB487C}.Release|arm64.ActiveCfg = Release|arm64
		{67024B95-3662-46BF-90EC-3CC39EEB487C}.Release|arm64.Build.0 = Release|arm64
		{67024B95-3662-46BF-90EC-3CC39EEB487C}.Release|arm64.Deploy.0 = Release|arm64
		{67024B95-3662-46BF-90EC-3CC39EEB487C}.Release|x64.ActiveCfg = Release|x64
		{67024B95-3662-46BF-90EC-3CC39EEB487C}.Release|x64.Build.0 = Release|x64
		{67024B95-3662-46BF-90EC-3CC39EEB487C}.Release|x64.Deploy.0 = Release|x64
		{67024B95-3662-46BF-90EC-3CC39EEB487C}.Release|x86.ActiveCfg = Release|x86
		{67024B95-3662-46BF-90EC-3CC39EEB487C}.Release|x86.Build.0 = Release|x86
		{67024B95-3662-46BF-90EC-3CC39EEB487C}.Release|x86.Deploy.0 = Release|x86
		{4EE55BC3-D137-478D-8F3E-57192E799C83}.Debug|Any CPU.ActiveCfg = Debug|Any CPU
		{4EE55BC3-D137-478D-8F3E-57192E799C83}.Debug|Any CPU.Build.0 = Debug|Any CPU
		{4EE55BC3-D137-478D-8F3E-57192E799C83}.Debug|ARM.ActiveCfg = Debug|ARM
		{4EE55BC3-D137-478D-8F3E-57192E799C83}.Debug|ARM.Build.0 = Debug|ARM
		{4EE55BC3-D137-478D-8F3E-57192E799C83}.Debug|arm64.ActiveCfg = Debug|ARM64
		{4EE55BC3-D137-478D-8F3E-57192E799C83}.Debug|arm64.Build.0 = Debug|ARM64
		{4EE55BC3-D137-478D-8F3E-57192E799C83}.Debug|x64.ActiveCfg = Debug|x64
		{4EE55BC3-D137-478D-8F3E-57192E799C83}.Debug|x64.Build.0 = Debug|x64
		{4EE55BC3-D137-478D-8F3E-57192E799C83}.Debug|x86.ActiveCfg = Debug|x86
		{4EE55BC3-D137-478D-8F3E-57192E799C83}.Debug|x86.Build.0 = Debug|x86
		{4EE55BC3-D137-478D-8F3E-57192E799C83}.Release|Any CPU.ActiveCfg = Release|Any CPU
		{4EE55BC3-D137-478D-8F3E-57192E799C83}.Release|Any CPU.Build.0 = Release|Any CPU
		{4EE55BC3-D137-478D-8F3E-57192E799C83}.Release|ARM.ActiveCfg = Release|ARM
		{4EE55BC3-D137-478D-8F3E-57192E799C83}.Release|ARM.Build.0 = Release|ARM
		{4EE55BC3-D137-478D-8F3E-57192E799C83}.Release|arm64.ActiveCfg = Release|ARM64
		{4EE55BC3-D137-478D-8F3E-57192E799C83}.Release|arm64.Build.0 = Release|ARM64
		{4EE55BC3-D137-478D-8F3E-57192E799C83}.Release|x64.ActiveCfg = Release|x64
		{4EE55BC3-D137-478D-8F3E-57192E799C83}.Release|x64.Build.0 = Release|x64
		{4EE55BC3-D137-478D-8F3E-57192E799C83}.Release|x86.ActiveCfg = Release|x86
		{4EE55BC3-D137-478D-8F3E-57192E799C83}.Release|x86.Build.0 = Release|x86
		{264074EF-3394-4632-90E0-FF7F9DB9BFCF}.Debug|Any CPU.ActiveCfg = Debug|x64
		{264074EF-3394-4632-90E0-FF7F9DB9BFCF}.Debug|Any CPU.Build.0 = Debug|x64
		{264074EF-3394-4632-90E0-FF7F9DB9BFCF}.Debug|Any CPU.Deploy.0 = Debug|x64
		{264074EF-3394-4632-90E0-FF7F9DB9BFCF}.Debug|ARM.ActiveCfg = Debug|ARM
		{264074EF-3394-4632-90E0-FF7F9DB9BFCF}.Debug|ARM.Build.0 = Debug|ARM
		{264074EF-3394-4632-90E0-FF7F9DB9BFCF}.Debug|ARM.Deploy.0 = Debug|ARM
		{264074EF-3394-4632-90E0-FF7F9DB9BFCF}.Debug|arm64.ActiveCfg = Debug|ARM64
		{264074EF-3394-4632-90E0-FF7F9DB9BFCF}.Debug|arm64.Build.0 = Debug|ARM64
		{264074EF-3394-4632-90E0-FF7F9DB9BFCF}.Debug|arm64.Deploy.0 = Debug|ARM64
		{264074EF-3394-4632-90E0-FF7F9DB9BFCF}.Debug|x64.ActiveCfg = Debug|x64
		{264074EF-3394-4632-90E0-FF7F9DB9BFCF}.Debug|x64.Build.0 = Debug|x64
		{264074EF-3394-4632-90E0-FF7F9DB9BFCF}.Debug|x64.Deploy.0 = Debug|x64
		{264074EF-3394-4632-90E0-FF7F9DB9BFCF}.Debug|x86.ActiveCfg = Debug|x86
		{264074EF-3394-4632-90E0-FF7F9DB9BFCF}.Debug|x86.Build.0 = Debug|x86
		{264074EF-3394-4632-90E0-FF7F9DB9BFCF}.Debug|x86.Deploy.0 = Debug|x86
		{264074EF-3394-4632-90E0-FF7F9DB9BFCF}.Release|Any CPU.ActiveCfg = Release|x64
		{264074EF-3394-4632-90E0-FF7F9DB9BFCF}.Release|Any CPU.Build.0 = Release|x64
		{264074EF-3394-4632-90E0-FF7F9DB9BFCF}.Release|Any CPU.Deploy.0 = Release|x64
		{264074EF-3394-4632-90E0-FF7F9DB9BFCF}.Release|ARM.ActiveCfg = Release|ARM
		{264074EF-3394-4632-90E0-FF7F9DB9BFCF}.Release|ARM.Build.0 = Release|ARM
		{264074EF-3394-4632-90E0-FF7F9DB9BFCF}.Release|ARM.Deploy.0 = Release|ARM
		{264074EF-3394-4632-90E0-FF7F9DB9BFCF}.Release|arm64.ActiveCfg = Release|ARM64
		{264074EF-3394-4632-90E0-FF7F9DB9BFCF}.Release|arm64.Build.0 = Release|ARM64
		{264074EF-3394-4632-90E0-FF7F9DB9BFCF}.Release|arm64.Deploy.0 = Release|ARM64
		{264074EF-3394-4632-90E0-FF7F9DB9BFCF}.Release|x64.ActiveCfg = Release|x64
		{264074EF-3394-4632-90E0-FF7F9DB9BFCF}.Release|x64.Build.0 = Release|x64
		{264074EF-3394-4632-90E0-FF7F9DB9BFCF}.Release|x64.Deploy.0 = Release|x64
		{264074EF-3394-4632-90E0-FF7F9DB9BFCF}.Release|x86.ActiveCfg = Release|x86
		{264074EF-3394-4632-90E0-FF7F9DB9BFCF}.Release|x86.Build.0 = Release|x86
		{264074EF-3394-4632-90E0-FF7F9DB9BFCF}.Release|x86.Deploy.0 = Release|x86
		{51388E06-C181-4961-9E84-4EABBFA1559A}.Debug|Any CPU.ActiveCfg = Debug|Any CPU
		{51388E06-C181-4961-9E84-4EABBFA1559A}.Debug|Any CPU.Build.0 = Debug|Any CPU
		{51388E06-C181-4961-9E84-4EABBFA1559A}.Debug|ARM.ActiveCfg = Debug|Any CPU
		{51388E06-C181-4961-9E84-4EABBFA1559A}.Debug|ARM.Build.0 = Debug|Any CPU
		{51388E06-C181-4961-9E84-4EABBFA1559A}.Debug|arm64.ActiveCfg = Debug|Any CPU
		{51388E06-C181-4961-9E84-4EABBFA1559A}.Debug|arm64.Build.0 = Debug|Any CPU
		{51388E06-C181-4961-9E84-4EABBFA1559A}.Debug|x64.ActiveCfg = Debug|Any CPU
		{51388E06-C181-4961-9E84-4EABBFA1559A}.Debug|x64.Build.0 = Debug|Any CPU
		{51388E06-C181-4961-9E84-4EABBFA1559A}.Debug|x86.ActiveCfg = Debug|Any CPU
		{51388E06-C181-4961-9E84-4EABBFA1559A}.Debug|x86.Build.0 = Debug|Any CPU
		{51388E06-C181-4961-9E84-4EABBFA1559A}.Release|Any CPU.ActiveCfg = Release|Any CPU
		{51388E06-C181-4961-9E84-4EABBFA1559A}.Release|Any CPU.Build.0 = Release|Any CPU
		{51388E06-C181-4961-9E84-4EABBFA1559A}.Release|ARM.ActiveCfg = Release|Any CPU
		{51388E06-C181-4961-9E84-4EABBFA1559A}.Release|ARM.Build.0 = Release|Any CPU
		{51388E06-C181-4961-9E84-4EABBFA1559A}.Release|arm64.ActiveCfg = Release|Any CPU
		{51388E06-C181-4961-9E84-4EABBFA1559A}.Release|arm64.Build.0 = Release|Any CPU
		{51388E06-C181-4961-9E84-4EABBFA1559A}.Release|x64.ActiveCfg = Release|Any CPU
		{51388E06-C181-4961-9E84-4EABBFA1559A}.Release|x64.Build.0 = Release|Any CPU
		{51388E06-C181-4961-9E84-4EABBFA1559A}.Release|x86.ActiveCfg = Release|Any CPU
		{51388E06-C181-4961-9E84-4EABBFA1559A}.Release|x86.Build.0 = Release|Any CPU
		{3A1F0565-30BE-4085-9B83-333D306D9F5A}.Debug|Any CPU.ActiveCfg = Debug|x64
		{3A1F0565-30BE-4085-9B83-333D306D9F5A}.Debug|Any CPU.Build.0 = Debug|x64
		{3A1F0565-30BE-4085-9B83-333D306D9F5A}.Debug|Any CPU.Deploy.0 = Debug|x64
		{3A1F0565-30BE-4085-9B83-333D306D9F5A}.Debug|ARM.ActiveCfg = Debug|x64
		{3A1F0565-30BE-4085-9B83-333D306D9F5A}.Debug|ARM.Build.0 = Debug|x64
		{3A1F0565-30BE-4085-9B83-333D306D9F5A}.Debug|ARM.Deploy.0 = Debug|x64
		{3A1F0565-30BE-4085-9B83-333D306D9F5A}.Debug|arm64.ActiveCfg = Debug|arm64
		{3A1F0565-30BE-4085-9B83-333D306D9F5A}.Debug|arm64.Build.0 = Debug|arm64
		{3A1F0565-30BE-4085-9B83-333D306D9F5A}.Debug|arm64.Deploy.0 = Debug|arm64
		{3A1F0565-30BE-4085-9B83-333D306D9F5A}.Debug|x64.ActiveCfg = Debug|x64
		{3A1F0565-30BE-4085-9B83-333D306D9F5A}.Debug|x64.Build.0 = Debug|x64
		{3A1F0565-30BE-4085-9B83-333D306D9F5A}.Debug|x64.Deploy.0 = Debug|x64
		{3A1F0565-30BE-4085-9B83-333D306D9F5A}.Debug|x86.ActiveCfg = Debug|x86
		{3A1F0565-30BE-4085-9B83-333D306D9F5A}.Debug|x86.Build.0 = Debug|x86
		{3A1F0565-30BE-4085-9B83-333D306D9F5A}.Debug|x86.Deploy.0 = Debug|x86
		{3A1F0565-30BE-4085-9B83-333D306D9F5A}.Release|Any CPU.ActiveCfg = Release|x64
		{3A1F0565-30BE-4085-9B83-333D306D9F5A}.Release|Any CPU.Build.0 = Release|x64
		{3A1F0565-30BE-4085-9B83-333D306D9F5A}.Release|Any CPU.Deploy.0 = Release|x64
		{3A1F0565-30BE-4085-9B83-333D306D9F5A}.Release|ARM.ActiveCfg = Release|x64
		{3A1F0565-30BE-4085-9B83-333D306D9F5A}.Release|ARM.Build.0 = Release|x64
		{3A1F0565-30BE-4085-9B83-333D306D9F5A}.Release|ARM.Deploy.0 = Release|x64
		{3A1F0565-30BE-4085-9B83-333D306D9F5A}.Release|arm64.ActiveCfg = Release|arm64
		{3A1F0565-30BE-4085-9B83-333D306D9F5A}.Release|arm64.Build.0 = Release|arm64
		{3A1F0565-30BE-4085-9B83-333D306D9F5A}.Release|arm64.Deploy.0 = Release|arm64
		{3A1F0565-30BE-4085-9B83-333D306D9F5A}.Release|x64.ActiveCfg = Release|x64
		{3A1F0565-30BE-4085-9B83-333D306D9F5A}.Release|x64.Build.0 = Release|x64
		{3A1F0565-30BE-4085-9B83-333D306D9F5A}.Release|x64.Deploy.0 = Release|x64
		{3A1F0565-30BE-4085-9B83-333D306D9F5A}.Release|x86.ActiveCfg = Release|x86
		{3A1F0565-30BE-4085-9B83-333D306D9F5A}.Release|x86.Build.0 = Release|x86
		{3A1F0565-30BE-4085-9B83-333D306D9F5A}.Release|x86.Deploy.0 = Release|x86
	EndGlobalSection
	GlobalSection(SolutionProperties) = preSolution
		HideSolutionNode = FALSE
	EndGlobalSection
	GlobalSection(NestedProjects) = preSolution
		{767D27DB-A5F2-4F5E-8DDA-E08C253966BE} = {7F954F26-CA57-40C7-9268-51868AAE52D7}
		{6F89C435-B6CD-4CA9-8B64-B39E642D93E2} = {EDEB400F-756D-4F11-895A-4A8D2C72176A}
		{D879C412-1F09-4364-9C63-7E748C32FA5B} = {A07474CC-E082-4794-BC36-FADC14A0C035}
		{37CDE5D0-9D83-4ABB-B8EB-8D06682D3036} = {EDEB400F-756D-4F11-895A-4A8D2C72176A}
		{C7F4A8AF-E4D0-44B5-8FF1-4FAA4E2CB83F} = {7F954F26-CA57-40C7-9268-51868AAE52D7}
		{CCBBCF3C-400A-43DC-B5A7-6E299C78453E} = {7F954F26-CA57-40C7-9268-51868AAE52D7}
		{67024B95-3662-46BF-90EC-3CC39EEB487C} = {EDEB400F-756D-4F11-895A-4A8D2C72176A}
		{4EE55BC3-D137-478D-8F3E-57192E799C83} = {3998AD0E-445E-4156-A702-78C8F832C08E}
		{264074EF-3394-4632-90E0-FF7F9DB9BFCF} = {EDEB400F-756D-4F11-895A-4A8D2C72176A}
		{51388E06-C181-4961-9E84-4EABBFA1559A} = {7F954F26-CA57-40C7-9268-51868AAE52D7}
		{3A1F0565-30BE-4085-9B83-333D306D9F5A} = {EDEB400F-756D-4F11-895A-4A8D2C72176A}
	EndGlobalSection
	GlobalSection(ExtensibilityGlobals) = postSolution
		SolutionGuid = {5291613D-E375-45A4-ACBB-E655A7307CCC}
	EndGlobalSection
EndGlobal
