
Microsoft Visual Studio Solution File, Format Version 12.00
# Visual Studio Version 17
VisualStudioVersion = 17.1.32407.343
MinimumVisualStudioVersion = 10.0.40219.1
Project("{2150E333-8FDC-42A3-9474-1A3956D46DE8}") = "WinUI3", "WinUI3", "{7F954F26-CA57-40C7-9268-51868AAE52D7}"
EndProject
Project("{9A19103F-16F7-4668-BE54-9A1E7A4F7556}") = "AK.Toolkit.WinUI3.AutoCompleteTextBox", "WinUI3\AK.Toolkit.WinUI3.AutoCompleteTextBox\AK.Toolkit.WinUI3.AutoCompleteTextBox.csproj", "{767D27DB-A5F2-4F5E-8DDA-E08C253966BE}"
EndProject
Project("{2150E333-8FDC-42A3-9474-1A3956D46DE8}") = "Samples", "Samples", "{EDEB400F-756D-4F11-895A-4A8D2C72176A}"
EndProject
Project("{9A19103F-16F7-4668-BE54-9A1E7A4F7556}") = "AK.Toolkit.Samples", "Samples\AK.Toolkit.Samples\AK.Toolkit.Samples.csproj", "{6F89C435-B6CD-4CA9-8B64-B39E642D93E2}"
EndProject
Project("{2150E333-8FDC-42A3-9474-1A3956D46DE8}") = "Assets", "Assets", "{0DFB7268-1E7E-460F-A670-8336E61A13A4}"
	ProjectSection(SolutionItems) = preProject
		Assets\auto-complete-textbox-screenshot.png = Assets\auto-complete-textbox-screenshot.png
		Assets\scrollbar-extensions-annotations-screenshot.png = Assets\scrollbar-extensions-annotations-screenshot.png
	EndProjectSection
EndProject
Project("{2150E333-8FDC-42A3-9474-1A3956D46DE8}") = "Solution Items", "Solution Items", "{9E80FA35-6512-4090-A907-90D58957C6A6}"
	ProjectSection(SolutionItems) = preProject
		LICENSE = LICENSE
		README.md = README.md
	EndProjectSection
EndProject
Project("{9A19103F-16F7-4668-BE54-9A1E7A4F7556}") = "AK.Toolkit.WinUI3.GridIndexer", "WinUI3\AK.Toolkit.WinUI3.GridIndexer\AK.Toolkit.WinUI3.GridIndexer.csproj", "{51388E06-C181-4961-9E84-4EABBFA1559A}"
EndProject
Project("{9A19103F-16F7-4668-BE54-9A1E7A4F7556}") = "AK.Toolkit.Samples.GridIndexer", "Samples\AK.Toolkit.Samples.GridIndexer\AK.Toolkit.Samples.GridIndexer.csproj", "{3A1F0565-30BE-4085-9B83-333D306D9F5A}"
EndProject
Project("{9A19103F-16F7-4668-BE54-9A1E7A4F7556}") = "AK.Toolkit.WinUI3.NumberBoxEx", "WinUI3\AK.Toolkit.WinUI3.NumberBoxEx\AK.Toolkit.WinUI3.NumberBoxEx.csproj", "{D694AC12-0ECA-4A30-8D2B-25F0A2AAB392}"
EndProject
Project("{9A19103F-16F7-4668-BE54-9A1E7A4F7556}") = "AK.Toolkit.WinUI3.ScrollBarExtensions", "WinUI3\AK.Toolkit.WinUI3.ScrollBarExtensions\AK.Toolkit.WinUI3.ScrollBarExtensions.csproj", "{3B156938-0A83-4B88-9FEF-52353E3D2AD9}"
EndProject
Project("{9A19103F-16F7-4668-BE54-9A1E7A4F7556}") = "AK.Toolkit.Samples.WinUI3.ScrollBarExtensions", "Samples\AK.Toolkit.Samples.WinUI3.ScrollBarExtensions\AK.Toolkit.Samples.WinUI3.ScrollBarExtensions.csproj", "{0B3590C2-F501-44EC-950B-4AC471AE711F}"
EndProject
Project("{9A19103F-16F7-4668-BE54-9A1E7A4F7556}") = "AK.Toolkit.WinUI3.TextBlockEx", "WinUI3\AK.Toolkit.WinUI3.TextBlockEx\AK.Toolkit.WinUI3.TextBlockEx.csproj", "{254B7DF8-A1CF-45D9-B8B6-3FB3143DB7B5}"
EndProject
Project("{9A19103F-16F7-4668-BE54-9A1E7A4F7556}") = "AK.Toolkit.WinUI3.TextBlockExSampleApp", "Samples\AK.Toolkit.WinUI3.TextBlockExSampleApp\AK.Toolkit.WinUI3.TextBlockExSampleApp.csproj", "{B2459114-5D81-48A4-8166-0B893CA00EC1}"
EndProject
Project("{FAE04EC0-301F-11D3-BF4B-00C04F79EFBC}") = "AK.Toolkit.WinUI3.RichTextBlockExtensions", "WinUI3\AK.Toolkit.WinUI3.RichTextBlockExtensions\AK.Toolkit.WinUI3.RichTextBlockExtensions.csproj", "{70BC2116-5863-4F79-95A4-19176CCF3F6B}"
EndProject
Project("{FAE04EC0-301F-11D3-BF4B-00C04F79EFBC}") = "AK.Toolkit.WinUI3.RichTextBlockExtensionsSampleApp", "Samples\AK.Toolkit.WinUI3.RichTextBlockExtensionsSampleApp\AK.Toolkit.WinUI3.RichTextBlockExtensionsSampleApp.csproj", "{DCDA10E1-12BB-4437-AADE-1BA1D79F1E00}"
EndProject
Global
	GlobalSection(SolutionConfigurationPlatforms) = preSolution
		Debug|Any CPU = Debug|Any CPU
		Debug|ARM = Debug|ARM
		Debug|arm64 = Debug|arm64
		Debug|x64 = Debug|x64
		Debug|x86 = Debug|x86
		Release|Any CPU = Release|Any CPU
		Release|ARM = Release|ARM
		Release|arm64 = Release|arm64
		Release|x64 = Release|x64
		Release|x86 = Release|x86
	EndGlobalSection
	GlobalSection(ProjectConfigurationPlatforms) = postSolution
		{767D27DB-A5F2-4F5E-8DDA-E08C253966BE}.Debug|Any CPU.ActiveCfg = Debug|Any CPU
		{767D27DB-A5F2-4F5E-8DDA-E08C253966BE}.Debug|Any CPU.Build.0 = Debug|Any CPU
		{767D27DB-A5F2-4F5E-8DDA-E08C253966BE}.Debug|ARM.ActiveCfg = Debug|Any CPU
		{767D27DB-A5F2-4F5E-8DDA-E08C253966BE}.Debug|ARM.Build.0 = Debug|Any CPU
		{767D27DB-A5F2-4F5E-8DDA-E08C253966BE}.Debug|arm64.ActiveCfg = Debug|Any CPU
		{767D27DB-A5F2-4F5E-8DDA-E08C253966BE}.Debug|arm64.Build.0 = Debug|Any CPU
		{767D27DB-A5F2-4F5E-8DDA-E08C253966BE}.Debug|x64.ActiveCfg = Debug|Any CPU
		{767D27DB-A5F2-4F5E-8DDA-E08C253966BE}.Debug|x64.Build.0 = Debug|Any CPU
		{767D27DB-A5F2-4F5E-8DDA-E08C253966BE}.Debug|x86.ActiveCfg = Debug|Any CPU
		{767D27DB-A5F2-4F5E-8DDA-E08C253966BE}.Debug|x86.Build.0 = Debug|Any CPU
		{767D27DB-A5F2-4F5E-8DDA-E08C253966BE}.Release|Any CPU.ActiveCfg = Release|Any CPU
		{767D27DB-A5F2-4F5E-8DDA-E08C253966BE}.Release|Any CPU.Build.0 = Release|Any CPU
		{767D27DB-A5F2-4F5E-8DDA-E08C253966BE}.Release|ARM.ActiveCfg = Release|Any CPU
		{767D27DB-A5F2-4F5E-8DDA-E08C253966BE}.Release|ARM.Build.0 = Release|Any CPU
		{767D27DB-A5F2-4F5E-8DDA-E08C253966BE}.Release|arm64.ActiveCfg = Release|Any CPU
		{767D27DB-A5F2-4F5E-8DDA-E08C253966BE}.Release|arm64.Build.0 = Release|Any CPU
		{767D27DB-A5F2-4F5E-8DDA-E08C253966BE}.Release|x64.ActiveCfg = Release|Any CPU
		{767D27DB-A5F2-4F5E-8DDA-E08C253966BE}.Release|x64.Build.0 = Release|Any CPU
		{767D27DB-A5F2-4F5E-8DDA-E08C253966BE}.Release|x86.ActiveCfg = Release|Any CPU
		{767D27DB-A5F2-4F5E-8DDA-E08C253966BE}.Release|x86.Build.0 = Release|Any CPU
		{6F89C435-B6CD-4CA9-8B64-B39E642D93E2}.Debug|Any CPU.ActiveCfg = Debug|x64
		{6F89C435-B6CD-4CA9-8B64-B39E642D93E2}.Debug|Any CPU.Build.0 = Debug|x64
		{6F89C435-B6CD-4CA9-8B64-B39E642D93E2}.Debug|Any CPU.Deploy.0 = Debug|x64
		{6F89C435-B6CD-4CA9-8B64-B39E642D93E2}.Debug|ARM.ActiveCfg = Debug|x64
		{6F89C435-B6CD-4CA9-8B64-B39E642D93E2}.Debug|ARM.Build.0 = Debug|x64
		{6F89C435-B6CD-4CA9-8B64-B39E642D93E2}.Debug|ARM.Deploy.0 = Debug|x64
		{6F89C435-B6CD-4CA9-8B64-B39E642D93E2}.Debug|arm64.ActiveCfg = Debug|arm64
		{6F89C435-B6CD-4CA9-8B64-B39E642D93E2}.Debug|arm64.Build.0 = Debug|arm64
		{6F89C435-B6CD-4CA9-8B64-B39E642D93E2}.Debug|arm64.Deploy.0 = Debug|arm64
		{6F89C435-B6CD-4CA9-8B64-B39E642D93E2}.Debug|x64.ActiveCfg = Debug|x64
		{6F89C435-B6CD-4CA9-8B64-B39E642D93E2}.Debug|x64.Build.0 = Debug|x64
		{6F89C435-B6CD-4CA9-8B64-B39E642D93E2}.Debug|x64.Deploy.0 = Debug|x64
		{6F89C435-B6CD-4CA9-8B64-B39E642D93E2}.Debug|x86.ActiveCfg = Debug|x86
		{6F89C435-B6CD-4CA9-8B64-B39E642D93E2}.Debug|x86.Build.0 = Debug|x86
		{6F89C435-B6CD-4CA9-8B64-B39E642D93E2}.Debug|x86.Deploy.0 = Debug|x86
		{6F89C435-B6CD-4CA9-8B64-B39E642D93E2}.Release|Any CPU.ActiveCfg = Release|x64
		{6F89C435-B6CD-4CA9-8B64-B39E642D93E2}.Release|Any CPU.Build.0 = Release|x64
		{6F89C435-B6CD-4CA9-8B64-B39E642D93E2}.Release|Any CPU.Deploy.0 = Release|x64
		{6F89C435-B6CD-4CA9-8B64-B39E642D93E2}.Release|ARM.ActiveCfg = Release|x64
		{6F89C435-B6CD-4CA9-8B64-B39E642D93E2}.Release|ARM.Build.0 = Release|x64
		{6F89C435-B6CD-4CA9-8B64-B39E642D93E2}.Release|ARM.Deploy.0 = Release|x64
		{6F89C435-B6CD-4CA9-8B64-B39E642D93E2}.Release|arm64.ActiveCfg = Release|arm64
		{6F89C435-B6CD-4CA9-8B64-B39E642D93E2}.Release|arm64.Build.0 = Release|arm64
		{6F89C435-B6CD-4CA9-8B64-B39E642D93E2}.Release|arm64.Deploy.0 = Release|arm64
		{6F89C435-B6CD-4CA9-8B64-B39E642D93E2}.Release|x64.ActiveCfg = Release|x64
		{6F89C435-B6CD-4CA9-8B64-B39E642D93E2}.Release|x64.Build.0 = Release|x64
		{6F89C435-B6CD-4CA9-8B64-B39E642D93E2}.Release|x64.Deploy.0 = Release|x64
		{6F89C435-B6CD-4CA9-8B64-B39E642D93E2}.Release|x86.ActiveCfg = Release|x86
		{6F89C435-B6CD-4CA9-8B64-B39E642D93E2}.Release|x86.Build.0 = Release|x86
		{6F89C435-B6CD-4CA9-8B64-B39E642D93E2}.Release|x86.Deploy.0 = Release|x86
		{51388E06-C181-4961-9E84-4EABBFA1559A}.Debug|Any CPU.ActiveCfg = Debug|Any CPU
		{51388E06-C181-4961-9E84-4EABBFA1559A}.Debug|Any CPU.Build.0 = Debug|Any CPU
		{51388E06-C181-4961-9E84-4EABBFA1559A}.Debug|ARM.ActiveCfg = Debug|Any CPU
		{51388E06-C181-4961-9E84-4EABBFA1559A}.Debug|ARM.Build.0 = Debug|Any CPU
		{51388E06-C181-4961-9E84-4EABBFA1559A}.Debug|arm64.ActiveCfg = Debug|Any CPU
		{51388E06-C181-4961-9E84-4EABBFA1559A}.Debug|arm64.Build.0 = Debug|Any CPU
		{51388E06-C181-4961-9E84-4EABBFA1559A}.Debug|x64.ActiveCfg = Debug|Any CPU
		{51388E06-C181-4961-9E84-4EABBFA1559A}.Debug|x64.Build.0 = Debug|Any CPU
		{51388E06-C181-4961-9E84-4EABBFA1559A}.Debug|x86.ActiveCfg = Debug|Any CPU
		{51388E06-C181-4961-9E84-4EABBFA1559A}.Debug|x86.Build.0 = Debug|Any CPU
		{51388E06-C181-4961-9E84-4EABBFA1559A}.Release|Any CPU.ActiveCfg = Release|Any CPU
		{51388E06-C181-4961-9E84-4EABBFA1559A}.Release|Any CPU.Build.0 = Release|Any CPU
		{51388E06-C181-4961-9E84-4EABBFA1559A}.Release|ARM.ActiveCfg = Release|Any CPU
		{51388E06-C181-4961-9E84-4EABBFA1559A}.Release|ARM.Build.0 = Release|Any CPU
		{51388E06-C181-4961-9E84-4EABBFA1559A}.Release|arm64.ActiveCfg = Release|Any CPU
		{51388E06-C181-4961-9E84-4EABBFA1559A}.Release|arm64.Build.0 = Release|Any CPU
		{51388E06-C181-4961-9E84-4EABBFA1559A}.Release|x64.ActiveCfg = Release|Any CPU
		{51388E06-C181-4961-9E84-4EABBFA1559A}.Release|x64.Build.0 = Release|Any CPU
		{51388E06-C181-4961-9E84-4EABBFA1559A}.Release|x86.ActiveCfg = Release|Any CPU
		{51388E06-C181-4961-9E84-4EABBFA1559A}.Release|x86.Build.0 = Release|Any CPU
		{3A1F0565-30BE-4085-9B83-333D306D9F5A}.Debug|Any CPU.ActiveCfg = Debug|x64
		{3A1F0565-30BE-4085-9B83-333D306D9F5A}.Debug|Any CPU.Build.0 = Debug|x64
		{3A1F0565-30BE-4085-9B83-333D306D9F5A}.Debug|Any CPU.Deploy.0 = Debug|x64
		{3A1F0565-30BE-4085-9B83-333D306D9F5A}.Debug|ARM.ActiveCfg = Debug|x64
		{3A1F0565-30BE-4085-9B83-333D306D9F5A}.Debug|ARM.Build.0 = Debug|x64
		{3A1F0565-30BE-4085-9B83-333D306D9F5A}.Debug|ARM.Deploy.0 = Debug|x64
		{3A1F0565-30BE-4085-9B83-333D306D9F5A}.Debug|arm64.ActiveCfg = Debug|arm64
		{3A1F0565-30BE-4085-9B83-333D306D9F5A}.Debug|arm64.Build.0 = Debug|arm64
		{3A1F0565-30BE-4085-9B83-333D306D9F5A}.Debug|arm64.Deploy.0 = Debug|arm64
		{3A1F0565-30BE-4085-9B83-333D306D9F5A}.Debug|x64.ActiveCfg = Debug|x64
		{3A1F0565-30BE-4085-9B83-333D306D9F5A}.Debug|x64.Build.0 = Debug|x64
		{3A1F0565-30BE-4085-9B83-333D306D9F5A}.Debug|x64.Deploy.0 = Debug|x64
		{3A1F0565-30BE-4085-9B83-333D306D9F5A}.Debug|x86.ActiveCfg = Debug|x86
		{3A1F0565-30BE-4085-9B83-333D306D9F5A}.Debug|x86.Build.0 = Debug|x86
		{3A1F0565-30BE-4085-9B83-333D306D9F5A}.Debug|x86.Deploy.0 = Debug|x86
		{3A1F0565-30BE-4085-9B83-333D306D9F5A}.Release|Any CPU.ActiveCfg = Release|x64
		{3A1F0565-30BE-4085-9B83-333D306D9F5A}.Release|Any CPU.Build.0 = Release|x64
		{3A1F0565-30BE-4085-9B83-333D306D9F5A}.Release|Any CPU.Deploy.0 = Release|x64
		{3A1F0565-30BE-4085-9B83-333D306D9F5A}.Release|ARM.ActiveCfg = Release|x64
		{3A1F0565-30BE-4085-9B83-333D306D9F5A}.Release|ARM.Build.0 = Release|x64
		{3A1F0565-30BE-4085-9B83-333D306D9F5A}.Release|ARM.Deploy.0 = Release|x64
		{3A1F0565-30BE-4085-9B83-333D306D9F5A}.Release|arm64.ActiveCfg = Release|arm64
		{3A1F0565-30BE-4085-9B83-333D306D9F5A}.Release|arm64.Build.0 = Release|arm64
		{3A1F0565-30BE-4085-9B83-333D306D9F5A}.Release|arm64.Deploy.0 = Release|arm64
		{3A1F0565-30BE-4085-9B83-333D306D9F5A}.Release|x64.ActiveCfg = Release|x64
		{3A1F0565-30BE-4085-9B83-333D306D9F5A}.Release|x64.Build.0 = Release|x64
		{3A1F0565-30BE-4085-9B83-333D306D9F5A}.Release|x64.Deploy.0 = Release|x64
		{3A1F0565-30BE-4085-9B83-333D306D9F5A}.Release|x86.ActiveCfg = Release|x86
		{3A1F0565-30BE-4085-9B83-333D306D9F5A}.Release|x86.Build.0 = Release|x86
		{3A1F0565-30BE-4085-9B83-333D306D9F5A}.Release|x86.Deploy.0 = Release|x86
		{D694AC12-0ECA-4A30-8D2B-25F0A2AAB392}.Debug|Any CPU.ActiveCfg = Debug|Any CPU
		{D694AC12-0ECA-4A30-8D2B-25F0A2AAB392}.Debug|Any CPU.Build.0 = Debug|Any CPU
		{D694AC12-0ECA-4A30-8D2B-25F0A2AAB392}.Debug|ARM.ActiveCfg = Debug|Any CPU
		{D694AC12-0ECA-4A30-8D2B-25F0A2AAB392}.Debug|ARM.Build.0 = Debug|Any CPU
		{D694AC12-0ECA-4A30-8D2B-25F0A2AAB392}.Debug|arm64.ActiveCfg = Debug|Any CPU
		{D694AC12-0ECA-4A30-8D2B-25F0A2AAB392}.Debug|arm64.Build.0 = Debug|Any CPU
		{D694AC12-0ECA-4A30-8D2B-25F0A2AAB392}.Debug|x64.ActiveCfg = Debug|Any CPU
		{D694AC12-0ECA-4A30-8D2B-25F0A2AAB392}.Debug|x64.Build.0 = Debug|Any CPU
		{D694AC12-0ECA-4A30-8D2B-25F0A2AAB392}.Debug|x86.ActiveCfg = Debug|Any CPU
		{D694AC12-0ECA-4A30-8D2B-25F0A2AAB392}.Debug|x86.Build.0 = Debug|Any CPU
		{D694AC12-0ECA-4A30-8D2B-25F0A2AAB392}.Release|Any CPU.ActiveCfg = Release|Any CPU
		{D694AC12-0ECA-4A30-8D2B-25F0A2AAB392}.Release|Any CPU.Build.0 = Release|Any CPU
		{D694AC12-0ECA-4A30-8D2B-25F0A2AAB392}.Release|ARM.ActiveCfg = Release|Any CPU
		{D694AC12-0ECA-4A30-8D2B-25F0A2AAB392}.Release|ARM.Build.0 = Release|Any CPU
		{D694AC12-0ECA-4A30-8D2B-25F0A2AAB392}.Release|arm64.ActiveCfg = Release|Any CPU
		{D694AC12-0ECA-4A30-8D2B-25F0A2AAB392}.Release|arm64.Build.0 = Release|Any CPU
		{D694AC12-0ECA-4A30-8D2B-25F0A2AAB392}.Release|x64.ActiveCfg = Release|Any CPU
		{D694AC12-0ECA-4A30-8D2B-25F0A2AAB392}.Release|x64.Build.0 = Release|Any CPU
		{D694AC12-0ECA-4A30-8D2B-25F0A2AAB392}.Release|x86.ActiveCfg = Release|Any CPU
		{D694AC12-0ECA-4A30-8D2B-25F0A2AAB392}.Release|x86.Build.0 = Release|Any CPU
		{3B156938-0A83-4B88-9FEF-52353E3D2AD9}.Debug|Any CPU.ActiveCfg = Debug|Any CPU
		{3B156938-0A83-4B88-9FEF-52353E3D2AD9}.Debug|Any CPU.Build.0 = Debug|Any CPU
		{3B156938-0A83-4B88-9FEF-52353E3D2AD9}.Debug|ARM.ActiveCfg = Debug|Any CPU
		{3B156938-0A83-4B88-9FEF-52353E3D2AD9}.Debug|ARM.Build.0 = Debug|Any CPU
		{3B156938-0A83-4B88-9FEF-52353E3D2AD9}.Debug|arm64.ActiveCfg = Debug|Any CPU
		{3B156938-0A83-4B88-9FEF-52353E3D2AD9}.Debug|arm64.Build.0 = Debug|Any CPU
		{3B156938-0A83-4B88-9FEF-52353E3D2AD9}.Debug|x64.ActiveCfg = Debug|Any CPU
		{3B156938-0A83-4B88-9FEF-52353E3D2AD9}.Debug|x64.Build.0 = Debug|Any CPU
		{3B156938-0A83-4B88-9FEF-52353E3D2AD9}.Debug|x86.ActiveCfg = Debug|Any CPU
		{3B156938-0A83-4B88-9FEF-52353E3D2AD9}.Debug|x86.Build.0 = Debug|Any CPU
		{3B156938-0A83-4B88-9FEF-52353E3D2AD9}.Release|Any CPU.ActiveCfg = Release|Any CPU
		{3B156938-0A83-4B88-9FEF-52353E3D2AD9}.Release|Any CPU.Build.0 = Release|Any CPU
		{3B156938-0A83-4B88-9FEF-52353E3D2AD9}.Release|ARM.ActiveCfg = Release|Any CPU
		{3B156938-0A83-4B88-9FEF-52353E3D2AD9}.Release|ARM.Build.0 = Release|Any CPU
		{3B156938-0A83-4B88-9FEF-52353E3D2AD9}.Release|arm64.ActiveCfg = Release|Any CPU
		{3B156938-0A83-4B88-9FEF-52353E3D2AD9}.Release|arm64.Build.0 = Release|Any CPU
		{3B156938-0A83-4B88-9FEF-52353E3D2AD9}.Release|x64.ActiveCfg = Release|Any CPU
		{3B156938-0A83-4B88-9FEF-52353E3D2AD9}.Release|x64.Build.0 = Release|Any CPU
		{3B156938-0A83-4B88-9FEF-52353E3D2AD9}.Release|x86.ActiveCfg = Release|Any CPU
		{3B156938-0A83-4B88-9FEF-52353E3D2AD9}.Release|x86.Build.0 = Release|Any CPU
		{0B3590C2-F501-44EC-950B-4AC471AE711F}.Debug|Any CPU.ActiveCfg = Debug|x64
		{0B3590C2-F501-44EC-950B-4AC471AE711F}.Debug|Any CPU.Build.0 = Debug|x64
		{0B3590C2-F501-44EC-950B-4AC471AE711F}.Debug|Any CPU.Deploy.0 = Debug|x64
		{0B3590C2-F501-44EC-950B-4AC471AE711F}.Debug|ARM.ActiveCfg = Debug|x64
		{0B3590C2-F501-44EC-950B-4AC471AE711F}.Debug|ARM.Build.0 = Debug|x64
		{0B3590C2-F501-44EC-950B-4AC471AE711F}.Debug|ARM.Deploy.0 = Debug|x64
		{0B3590C2-F501-44EC-950B-4AC471AE711F}.Debug|arm64.ActiveCfg = Debug|arm64
		{0B3590C2-F501-44EC-950B-4AC471AE711F}.Debug|arm64.Build.0 = Debug|arm64
		{0B3590C2-F501-44EC-950B-4AC471AE711F}.Debug|arm64.Deploy.0 = Debug|arm64
		{0B3590C2-F501-44EC-950B-4AC471AE711F}.Debug|x64.ActiveCfg = Debug|x64
		{0B3590C2-F501-44EC-950B-4AC471AE711F}.Debug|x64.Build.0 = Debug|x64
		{0B3590C2-F501-44EC-950B-4AC471AE711F}.Debug|x64.Deploy.0 = Debug|x64
		{0B3590C2-F501-44EC-950B-4AC471AE711F}.Debug|x86.ActiveCfg = Debug|x86
		{0B3590C2-F501-44EC-950B-4AC471AE711F}.Debug|x86.Build.0 = Debug|x86
		{0B3590C2-F501-44EC-950B-4AC471AE711F}.Debug|x86.Deploy.0 = Debug|x86
		{0B3590C2-F501-44EC-950B-4AC471AE711F}.Release|Any CPU.ActiveCfg = Release|x64
		{0B3590C2-F501-44EC-950B-4AC471AE711F}.Release|Any CPU.Build.0 = Release|x64
		{0B3590C2-F501-44EC-950B-4AC471AE711F}.Release|Any CPU.Deploy.0 = Release|x64
		{0B3590C2-F501-44EC-950B-4AC471AE711F}.Release|ARM.ActiveCfg = Release|x64
		{0B3590C2-F501-44EC-950B-4AC471AE711F}.Release|ARM.Build.0 = Release|x64
		{0B3590C2-F501-44EC-950B-4AC471AE711F}.Release|ARM.Deploy.0 = Release|x64
		{0B3590C2-F501-44EC-950B-4AC471AE711F}.Release|arm64.ActiveCfg = Release|arm64
		{0B3590C2-F501-44EC-950B-4AC471AE711F}.Release|arm64.Build.0 = Release|arm64
		{0B3590C2-F501-44EC-950B-4AC471AE711F}.Release|arm64.Deploy.0 = Release|arm64
		{0B3590C2-F501-44EC-950B-4AC471AE711F}.Release|x64.ActiveCfg = Release|x64
		{0B3590C2-F501-44EC-950B-4AC471AE711F}.Release|x64.Build.0 = Release|x64
		{0B3590C2-F501-44EC-950B-4AC471AE711F}.Release|x64.Deploy.0 = Release|x64
		{0B3590C2-F501-44EC-950B-4AC471AE711F}.Release|x86.ActiveCfg = Release|x86
		{0B3590C2-F501-44EC-950B-4AC471AE711F}.Release|x86.Build.0 = Release|x86
		{0B3590C2-F501-44EC-950B-4AC471AE711F}.Release|x86.Deploy.0 = Release|x86
		{254B7DF8-A1CF-45D9-B8B6-3FB3143DB7B5}.Debug|Any CPU.ActiveCfg = Debug|Any CPU
		{254B7DF8-A1CF-45D9-B8B6-3FB3143DB7B5}.Debug|Any CPU.Build.0 = Debug|Any CPU
		{254B7DF8-A1CF-45D9-B8B6-3FB3143DB7B5}.Debug|ARM.ActiveCfg = Debug|Any CPU
		{254B7DF8-A1CF-45D9-B8B6-3FB3143DB7B5}.Debug|ARM.Build.0 = Debug|Any CPU
		{254B7DF8-A1CF-45D9-B8B6-3FB3143DB7B5}.Debug|arm64.ActiveCfg = Debug|Any CPU
		{254B7DF8-A1CF-45D9-B8B6-3FB3143DB7B5}.Debug|arm64.Build.0 = Debug|Any CPU
		{254B7DF8-A1CF-45D9-B8B6-3FB3143DB7B5}.Debug|x64.ActiveCfg = Debug|Any CPU
		{254B7DF8-A1CF-45D9-B8B6-3FB3143DB7B5}.Debug|x64.Build.0 = Debug|Any CPU
		{254B7DF8-A1CF-45D9-B8B6-3FB3143DB7B5}.Debug|x86.ActiveCfg = Debug|Any CPU
		{254B7DF8-A1CF-45D9-B8B6-3FB3143DB7B5}.Debug|x86.Build.0 = Debug|Any CPU
		{254B7DF8-A1CF-45D9-B8B6-3FB3143DB7B5}.Release|Any CPU.ActiveCfg = Release|Any CPU
		{254B7DF8-A1CF-45D9-B8B6-3FB3143DB7B5}.Release|Any CPU.Build.0 = Release|Any CPU
		{254B7DF8-A1CF-45D9-B8B6-3FB3143DB7B5}.Release|ARM.ActiveCfg = Release|Any CPU
		{254B7DF8-A1CF-45D9-B8B6-3FB3143DB7B5}.Release|ARM.Build.0 = Release|Any CPU
		{254B7DF8-A1CF-45D9-B8B6-3FB3143DB7B5}.Release|arm64.ActiveCfg = Release|Any CPU
		{254B7DF8-A1CF-45D9-B8B6-3FB3143DB7B5}.Release|arm64.Build.0 = Release|Any CPU
		{254B7DF8-A1CF-45D9-B8B6-3FB3143DB7B5}.Release|x64.ActiveCfg = Release|Any CPU
		{254B7DF8-A1CF-45D9-B8B6-3FB3143DB7B5}.Release|x64.Build.0 = Release|Any CPU
		{254B7DF8-A1CF-45D9-B8B6-3FB3143DB7B5}.Release|x86.ActiveCfg = Release|Any CPU
		{254B7DF8-A1CF-45D9-B8B6-3FB3143DB7B5}.Release|x86.Build.0 = Release|Any CPU
		{B2459114-5D81-48A4-8166-0B893CA00EC1}.Debug|Any CPU.ActiveCfg = Debug|x64
		{B2459114-5D81-48A4-8166-0B893CA00EC1}.Debug|Any CPU.Build.0 = Debug|x64
		{B2459114-5D81-48A4-8166-0B893CA00EC1}.Debug|Any CPU.Deploy.0 = Debug|x64
		{B2459114-5D81-48A4-8166-0B893CA00EC1}.Debug|ARM.ActiveCfg = Debug|x64
		{B2459114-5D81-48A4-8166-0B893CA00EC1}.Debug|ARM.Build.0 = Debug|x64
		{B2459114-5D81-48A4-8166-0B893CA00EC1}.Debug|ARM.Deploy.0 = Debug|x64
		{B2459114-5D81-48A4-8166-0B893CA00EC1}.Debug|arm64.ActiveCfg = Debug|ARM64
		{B2459114-5D81-48A4-8166-0B893CA00EC1}.Debug|arm64.Build.0 = Debug|ARM64
		{B2459114-5D81-48A4-8166-0B893CA00EC1}.Debug|arm64.Deploy.0 = Debug|ARM64
		{B2459114-5D81-48A4-8166-0B893CA00EC1}.Debug|x64.ActiveCfg = Debug|x64
		{B2459114-5D81-48A4-8166-0B893CA00EC1}.Debug|x64.Build.0 = Debug|x64
		{B2459114-5D81-48A4-8166-0B893CA00EC1}.Debug|x64.Deploy.0 = Debug|x64
		{B2459114-5D81-48A4-8166-0B893CA00EC1}.Debug|x86.ActiveCfg = Debug|x86
		{B2459114-5D81-48A4-8166-0B893CA00EC1}.Debug|x86.Build.0 = Debug|x86
		{B2459114-5D81-48A4-8166-0B893CA00EC1}.Debug|x86.Deploy.0 = Debug|x86
		{B2459114-5D81-48A4-8166-0B893CA00EC1}.Release|Any CPU.ActiveCfg = Release|x64
		{B2459114-5D81-48A4-8166-0B893CA00EC1}.Release|Any CPU.Build.0 = Release|x64
		{B2459114-5D81-48A4-8166-0B893CA00EC1}.Release|Any CPU.Deploy.0 = Release|x64
		{B2459114-5D81-48A4-8166-0B893CA00EC1}.Release|ARM.ActiveCfg = Release|x64
		{B2459114-5D81-48A4-8166-0B893CA00EC1}.Release|ARM.Build.0 = Release|x64
		{B2459114-5D81-48A4-8166-0B893CA00EC1}.Release|ARM.Deploy.0 = Release|x64
		{B2459114-5D81-48A4-8166-0B893CA00EC1}.Release|arm64.ActiveCfg = Release|ARM64
		{B2459114-5D81-48A4-8166-0B893CA00EC1}.Release|arm64.Build.0 = Release|ARM64
		{B2459114-5D81-48A4-8166-0B893CA00EC1}.Release|arm64.Deploy.0 = Release|ARM64
		{B2459114-5D81-48A4-8166-0B893CA00EC1}.Release|x64.ActiveCfg = Release|x64
		{B2459114-5D81-48A4-8166-0B893CA00EC1}.Release|x64.Build.0 = Release|x64
		{B2459114-5D81-48A4-8166-0B893CA00EC1}.Release|x64.Deploy.0 = Release|x64
		{B2459114-5D81-48A4-8166-0B893CA00EC1}.Release|x86.ActiveCfg = Release|x86
		{B2459114-5D81-48A4-8166-0B893CA00EC1}.Release|x86.Build.0 = Release|x86
		{B2459114-5D81-48A4-8166-0B893CA00EC1}.Release|x86.Deploy.0 = Release|x86
		{70BC2116-5863-4F79-95A4-19176CCF3F6B}.Debug|Any CPU.ActiveCfg = Debug|Any CPU
		{70BC2116-5863-4F79-95A4-19176CCF3F6B}.Debug|Any CPU.Build.0 = Debug|Any CPU
		{70BC2116-5863-4F79-95A4-19176CCF3F6B}.Debug|ARM.ActiveCfg = Debug|Any CPU
		{70BC2116-5863-4F79-95A4-19176CCF3F6B}.Debug|ARM.Build.0 = Debug|Any CPU
		{70BC2116-5863-4F79-95A4-19176CCF3F6B}.Debug|arm64.ActiveCfg = Debug|Any CPU
		{70BC2116-5863-4F79-95A4-19176CCF3F6B}.Debug|arm64.Build.0 = Debug|Any CPU
		{70BC2116-5863-4F79-95A4-19176CCF3F6B}.Debug|x64.ActiveCfg = Debug|Any CPU
		{70BC2116-5863-4F79-95A4-19176CCF3F6B}.Debug|x64.Build.0 = Debug|Any CPU
		{70BC2116-5863-4F79-95A4-19176CCF3F6B}.Debug|x86.ActiveCfg = Debug|Any CPU
		{70BC2116-5863-4F79-95A4-19176CCF3F6B}.Debug|x86.Build.0 = Debug|Any CPU
		{70BC2116-5863-4F79-95A4-19176CCF3F6B}.Release|Any CPU.ActiveCfg = Release|Any CPU
		{70BC2116-5863-4F79-95A4-19176CCF3F6B}.Release|Any CPU.Build.0 = Release|Any CPU
		{70BC2116-5863-4F79-95A4-19176CCF3F6B}.Release|ARM.ActiveCfg = Release|Any CPU
		{70BC2116-5863-4F79-95A4-19176CCF3F6B}.Release|ARM.Build.0 = Release|Any CPU
		{70BC2116-5863-4F79-95A4-19176CCF3F6B}.Release|arm64.ActiveCfg = Release|Any CPU
		{70BC2116-5863-4F79-95A4-19176CCF3F6B}.Release|arm64.Build.0 = Release|Any CPU
		{70BC2116-5863-4F79-95A4-19176CCF3F6B}.Release|x64.ActiveCfg = Release|Any CPU
		{70BC2116-5863-4F79-95A4-19176CCF3F6B}.Release|x64.Build.0 = Release|Any CPU
		{70BC2116-5863-4F79-95A4-19176CCF3F6B}.Release|x86.ActiveCfg = Release|Any CPU
		{70BC2116-5863-4F79-95A4-19176CCF3F6B}.Release|x86.Build.0 = Release|Any CPU
		{DCDA10E1-12BB-4437-AADE-1BA1D79F1E00}.Debug|Any CPU.ActiveCfg = Debug|x64
		{DCDA10E1-12BB-4437-AADE-1BA1D79F1E00}.Debug|Any CPU.Build.0 = Debug|x64
		{DCDA10E1-12BB-4437-AADE-1BA1D79F1E00}.Debug|Any CPU.Deploy.0 = Debug|x64
		{DCDA10E1-12BB-4437-AADE-1BA1D79F1E00}.Debug|ARM.ActiveCfg = Debug|x64
		{DCDA10E1-12BB-4437-AADE-1BA1D79F1E00}.Debug|ARM.Build.0 = Debug|x64
		{DCDA10E1-12BB-4437-AADE-1BA1D79F1E00}.Debug|ARM.Deploy.0 = Debug|x64
		{DCDA10E1-12BB-4437-AADE-1BA1D79F1E00}.Debug|arm64.ActiveCfg = Debug|ARM64
		{DCDA10E1-12BB-4437-AADE-1BA1D79F1E00}.Debug|arm64.Build.0 = Debug|ARM64
		{DCDA10E1-12BB-4437-AADE-1BA1D79F1E00}.Debug|arm64.Deploy.0 = Debug|ARM64
		{DCDA10E1-12BB-4437-AADE-1BA1D79F1E00}.Debug|x64.ActiveCfg = Debug|x64
		{DCDA10E1-12BB-4437-AADE-1BA1D79F1E00}.Debug|x64.Build.0 = Debug|x64
		{DCDA10E1-12BB-4437-AADE-1BA1D79F1E00}.Debug|x64.Deploy.0 = Debug|x64
		{DCDA10E1-12BB-4437-AADE-1BA1D79F1E00}.Debug|x86.ActiveCfg = Debug|x86
		{DCDA10E1-12BB-4437-AADE-1BA1D79F1E00}.Debug|x86.Build.0 = Debug|x86
		{DCDA10E1-12BB-4437-AADE-1BA1D79F1E00}.Debug|x86.Deploy.0 = Debug|x86
		{DCDA10E1-12BB-4437-AADE-1BA1D79F1E00}.Release|Any CPU.ActiveCfg = Release|x64
		{DCDA10E1-12BB-4437-AADE-1BA1D79F1E00}.Release|Any CPU.Build.0 = Release|x64
		{DCDA10E1-12BB-4437-AADE-1BA1D79F1E00}.Release|Any CPU.Deploy.0 = Release|x64
		{DCDA10E1-12BB-4437-AADE-1BA1D79F1E00}.Release|ARM.ActiveCfg = Release|x64
		{DCDA10E1-12BB-4437-AADE-1BA1D79F1E00}.Release|ARM.Build.0 = Release|x64
		{DCDA10E1-12BB-4437-AADE-1BA1D79F1E00}.Release|ARM.Deploy.0 = Release|x64
		{DCDA10E1-12BB-4437-AADE-1BA1D79F1E00}.Release|arm64.ActiveCfg = Release|ARM64
		{DCDA10E1-12BB-4437-AADE-1BA1D79F1E00}.Release|arm64.Build.0 = Release|ARM64
		{DCDA10E1-12BB-4437-AADE-1BA1D79F1E00}.Release|arm64.Deploy.0 = Release|ARM64
		{DCDA10E1-12BB-4437-AADE-1BA1D79F1E00}.Release|x64.ActiveCfg = Release|x64
		{DCDA10E1-12BB-4437-AADE-1BA1D79F1E00}.Release|x64.Build.0 = Release|x64
		{DCDA10E1-12BB-4437-AADE-1BA1D79F1E00}.Release|x64.Deploy.0 = Release|x64
		{DCDA10E1-12BB-4437-AADE-1BA1D79F1E00}.Release|x86.ActiveCfg = Release|x86
		{DCDA10E1-12BB-4437-AADE-1BA1D79F1E00}.Release|x86.Build.0 = Release|x86
		{DCDA10E1-12BB-4437-AADE-1BA1D79F1E00}.Release|x86.Deploy.0 = Release|x86
	EndGlobalSection
	GlobalSection(SolutionProperties) = preSolution
		HideSolutionNode = FALSE
	EndGlobalSection
	GlobalSection(NestedProjects) = preSolution
		{767D27DB-A5F2-4F5E-8DDA-E08C253966BE} = {7F954F26-CA57-40C7-9268-51868AAE52D7}
		{6F89C435-B6CD-4CA9-8B64-B39E642D93E2} = {EDEB400F-756D-4F11-895A-4A8D2C72176A}
		{51388E06-C181-4961-9E84-4EABBFA1559A} = {7F954F26-CA57-40C7-9268-51868AAE52D7}
		{3A1F0565-30BE-4085-9B83-333D306D9F5A} = {EDEB400F-756D-4F11-895A-4A8D2C72176A}
		{D694AC12-0ECA-4A30-8D2B-25F0A2AAB392} = {7F954F26-CA57-40C7-9268-51868AAE52D7}
		{3B156938-0A83-4B88-9FEF-52353E3D2AD9} = {7F954F26-CA57-40C7-9268-51868AAE52D7}
		{0B3590C2-F501-44EC-950B-4AC471AE711F} = {EDEB400F-756D-4F11-895A-4A8D2C72176A}
		{254B7DF8-A1CF-45D9-B8B6-3FB3143DB7B5} = {7F954F26-CA57-40C7-9268-51868AAE52D7}
		{B2459114-5D81-48A4-8166-0B893CA00EC1} = {EDEB400F-756D-4F11-895A-4A8D2C72176A}
		{70BC2116-5863-4F79-95A4-19176CCF3F6B} = {7F954F26-CA57-40C7-9268-51868AAE52D7}
		{DCDA10E1-12BB-4437-AADE-1BA1D79F1E00} = {EDEB400F-756D-4F11-895A-4A8D2C72176A}
	EndGlobalSection
	GlobalSection(ExtensibilityGlobals) = postSolution
		SolutionGuid = {5291613D-E375-45A4-ACBB-E655A7307CCC}
	EndGlobalSection
EndGlobal
